
Microsoft Visual Studio Solution File, Format Version 12.00
# Visual Studio Version 17
VisualStudioVersion = 17.11.35303.130
MinimumVisualStudioVersion = 10.0.40219.1
Project("{9A19103F-16F7-4668-BE54-9A1E7A4F7556}") = "2C", "2C\2C.csproj", "{362A2451-ECF0-41DF-863C-D5F701D4B23D}"
EndProject
Project("{2150E333-8FDC-42A3-9474-1A3956D46DE8}") = "Documents", "Documents", "{D4BA41E7-B82D-48E4-AF6E-ECC005A8FC65}"
EndProject
Project("{9A19103F-16F7-4668-BE54-9A1E7A4F7556}") = "2C.DataAccess", "2C.DataAccess\2C.DataAccess.csproj", "{7A6B4FCB-4A77-497C-8359-B374738854A1}"
EndProject
Project("{9A19103F-16F7-4668-BE54-9A1E7A4F7556}") = "2C.ConsoleApp", "2C.ConsoleApp\2C.ConsoleApp.csproj", "{C83D9E26-761B-4E28-A04F-9E36120BED29}"
EndProject
Project("{FAE04EC0-301F-11D3-BF4B-00C04F79EFBC}") = "2C.BusinessLogic", "2C.BusinessLogic\2C.BusinessLogic.csproj", "{0C34473A-76E1-44DC-9A3F-6F5F4238BDB1}"
EndProject
Global
	GlobalSection(SolutionConfigurationPlatforms) = preSolution
		Debug|Any CPU = Debug|Any CPU
		Release|Any CPU = Release|Any CPU
	EndGlobalSection
	GlobalSection(ProjectConfigurationPlatforms) = postSolution
		{362A2451-ECF0-41DF-863C-D5F701D4B23D}.Debug|Any CPU.ActiveCfg = Debug|Any CPU
		{362A2451-ECF0-41DF-863C-D5F701D4B23D}.Debug|Any CPU.Build.0 = Debug|Any CPU
		{362A2451-ECF0-41DF-863C-D5F701D4B23D}.Release|Any CPU.ActiveCfg = Release|Any CPU
		{362A2451-ECF0-41DF-863C-D5F701D4B23D}.Release|Any CPU.Build.0 = Release|Any CPU
		{7A6B4FCB-4A77-497C-8359-B374738854A1}.Debug|Any CPU.ActiveCfg = Debug|Any CPU
		{7A6B4FCB-4A77-497C-8359-B374738854A1}.Debug|Any CPU.Build.0 = Debug|Any CPU
		{7A6B4FCB-4A77-497C-8359-B374738854A1}.Release|Any CPU.ActiveCfg = Release|Any CPU
		{7A6B4FCB-4A77-497C-8359-B374738854A1}.Release|Any CPU.Build.0 = Release|Any CPU
		{C83D9E26-761B-4E28-A04F-9E36120BED29}.Debug|Any CPU.ActiveCfg = Debug|Any CPU
		{C83D9E26-761B-4E28-A04F-9E36120BED29}.Debug|Any CPU.Build.0 = Debug|Any CPU
		{C83D9E26-761B-4E28-A04F-9E36120BED29}.Release|Any CPU.ActiveCfg = Release|Any CPU
		{C83D9E26-761B-4E28-A04F-9E36120BED29}.Release|Any CPU.Build.0 = Release|Any CPU
		{0C34473A-76E1-44DC-9A3F-6F5F4238BDB1}.Debug|Any CPU.ActiveCfg = Debug|Any CPU
		{0C34473A-76E1-44DC-9A3F-6F5F4238BDB1}.Debug|Any CPU.Build.0 = Debug|Any CPU
		{0C34473A-76E1-44DC-9A3F-6F5F4238BDB1}.Release|Any CPU.ActiveCfg = Release|Any CPU
		{0C34473A-76E1-44DC-9A3F-6F5F4238BDB1}.Release|Any CPU.Build.0 = Release|Any CPU
	EndGlobalSection
	GlobalSection(SolutionProperties) = preSolution
		HideSolutionNode = FALSE
	EndGlobalSection
	GlobalSection(ExtensibilityGlobals) = postSolution
		SolutionGuid = {66B5BBDF-7F35-411D-9B10-CDA92ADCD1B9}
	EndGlobalSection
EndGlobal
